
Microsoft Visual Studio Solution File, Format Version 12.00
# Visual Studio Version 17
VisualStudioVersion = 17.1.32210.238
MinimumVisualStudioVersion = 10.0.40219.1
Project("{FAE04EC0-301F-11D3-BF4B-00C04F79EFBC}") = "ZfxTest", "ZfxTest\ZfxTest.csproj", "{C4277F31-A537-4B4A-BCF0-4736D0A01968}"
EndProject
Global
	GlobalSection(SolutionConfigurationPlatforms) = preSolution
		Debug|Any CPU = Debug|Any CPU
		Release|Any CPU = Release|Any CPU
	EndGlobalSection
	GlobalSection(ProjectConfigurationPlatforms) = postSolution
		{C4277F31-A537-4B4A-BCF0-4736D0A01968}.Debug|Any CPU.ActiveCfg = Debug|Any CPU
		{C4277F31-A537-4B4A-BCF0-4736D0A01968}.Debug|Any CPU.Build.0 = Debug|Any CPU
		{C4277F31-A537-4B4A-BCF0-4736D0A01968}.Release|Any CPU.ActiveCfg = Release|Any CPU
		{C4277F31-A537-4B4A-BCF0-4736D0A01968}.Release|Any CPU.Build.0 = Release|Any CPU
	EndGlobalSection
	GlobalSection(SolutionProperties) = preSolution
		HideSolutionNode = FALSE
	EndGlobalSection
	GlobalSection(ExtensibilityGlobals) = postSolution
		SolutionGuid = {E415C71A-78D7-4380-8893-88BB5725AD97}
	EndGlobalSection
EndGlobal
